// !$*UTF8*$!
{
	archiveVersion = 1;
	classes = {
	};
	objectVersion = 46;
	objects = {
/* Begin PBXBuildFile section */
		0207DA581B56EA530066E2B4 /* Images.xcassets in Resources */ = {isa = PBXBuildFile; fileRef = 0207DA571B56EA530066E2B4 /* Images.xcassets */; };
		1D3623260D0F684500981E51 /* AppDelegate.m in Sources */ = {isa = PBXBuildFile; fileRef = 1D3623250D0F684500981E51 /* AppDelegate.m */; };
		1D60589B0D05DD56006BFB54 /* main.m in Sources */ = {isa = PBXBuildFile; fileRef = 29B97316FDCFA39411CA2CEA /* main.m */; };
		301BF552109A68D80062928A /* libCordova.a in Frameworks */ = {isa = PBXBuildFile; fileRef = 301BF535109A57CC0062928A /* libCordova.a */; };
		302D95F114D2391D003F00A1 /* MainViewController.m in Sources */ = {isa = PBXBuildFile; fileRef = 302D95EF14D2391D003F00A1 /* MainViewController.m */; };
		302D95F214D2391D003F00A1 /* MainViewController.xib in Resources */ = {isa = PBXBuildFile; fileRef = 302D95F014D2391D003F00A1 /* MainViewController.xib */; };
		3047A5121AB8059700498E2A /* build-debug.xcconfig in Resources */ = {isa = PBXBuildFile; fileRef = 3047A50F1AB8059700498E2A /* build-debug.xcconfig */; };
		3047A5131AB8059700498E2A /* build-release.xcconfig in Resources */ = {isa = PBXBuildFile; fileRef = 3047A5101AB8059700498E2A /* build-release.xcconfig */; };
		3047A5141AB8059700498E2A /* build.xcconfig in Resources */ = {isa = PBXBuildFile; fileRef = 3047A5111AB8059700498E2A /* build.xcconfig */; };
		6AFF5BF91D6E424B00AB3073 /* CDVLaunchScreen.storyboard in Resources */ = {isa = PBXBuildFile; fileRef = 6AFF5BF81D6E424B00AB3073 /* CDVLaunchScreen.storyboard */; };
		C7037E4C58B44624A2F15760 /* HCPPlugin.m in Sources */ = {isa = PBXBuildFile; fileRef = 3F4EA29F8C084619A4B98A85 /* HCPPlugin.m */; };
		B6278DB0647F448B8CDD006D /* HCPApplicationConfig.m in Sources */ = {isa = PBXBuildFile; fileRef = 2F04F1E4517A4549A01F7488 /* HCPApplicationConfig.m */; };
		3FD7B2A4F02943A2BD025B31 /* HCPContentConfig.m in Sources */ = {isa = PBXBuildFile; fileRef = 2494F73AD87341AFA7FD8312 /* HCPContentConfig.m */; };
		EEE556C873A043D1845B7275 /* HCPContentManifest.m in Sources */ = {isa = PBXBuildFile; fileRef = EF61623FDF3A402F96673E36 /* HCPContentManifest.m */; };
		907CE20F6B5D4D1B91CCBD2D /* HCPPluginInternalPreferences.m in Sources */ = {isa = PBXBuildFile; fileRef = 32147BBDA00A4E0E9BB80E1A /* HCPPluginInternalPreferences.m */; };
		652990E5E98C4C95B77E258B /* HCPXmlConfig.m in Sources */ = {isa = PBXBuildFile; fileRef = 47F80C7C65F9415C91AB15E7 /* HCPXmlConfig.m */; };
		9B1FBB2018D141DF95B43F04 /* HCPXmlTags.m in Sources */ = {isa = PBXBuildFile; fileRef = 2C538416E75F419DADEBA92D /* HCPXmlTags.m */; };
		57A7A670E204493AB557D2E1 /* HCPXmlConfigParser.m in Sources */ = {isa = PBXBuildFile; fileRef = C3E0DF07F09C408FB426C1C5 /* HCPXmlConfigParser.m */; };
		774A5AEFB51D4995BB4B46FE /* HCPEvents.m in Sources */ = {isa = PBXBuildFile; fileRef = 6DA0B7955CA643159DC75D9D /* HCPEvents.m */; };
		C4628ECEA69C49899CB6244F /* CDVPluginResult+HCPEvents.m in Sources */ = {isa = PBXBuildFile; fileRef = C8F1FE0EE8544A7B93357635 /* CDVPluginResult+HCPEvents.m */; };
		7D4B31066EAA4CEE8D785692 /* HCPFilesStructure.m in Sources */ = {isa = PBXBuildFile; fileRef = 0F0829C4B3AE4F148AF9265C /* HCPFilesStructure.m */; };
		33CA1B9069A44C6D8DAE1127 /* HCPManifestDiff.m in Sources */ = {isa = PBXBuildFile; fileRef = DCC1834B650B470DA08B5518 /* HCPManifestDiff.m */; };
		B86DAF44F886479F891104B7 /* HCPManifestFile.m in Sources */ = {isa = PBXBuildFile; fileRef = AACF738D42A34F30BC8A762B /* HCPManifestFile.m */; };
		9D7E60864DB74C26B1723021 /* HCPFileDownloader.m in Sources */ = {isa = PBXBuildFile; fileRef = 06F41026202F436B966C9F71 /* HCPFileDownloader.m */; };
		ABB659083B184F79814A9B10 /* HCPDataDownloader.m in Sources */ = {isa = PBXBuildFile; fileRef = DA8DE83EDD4E4DB0B23E99B9 /* HCPDataDownloader.m */; };
		0A59D3FAC99146778FF39B18 /* HCPApplicationConfigStorage.m in Sources */ = {isa = PBXBuildFile; fileRef = 0464330720714A7C82D9759F /* HCPApplicationConfigStorage.m */; };
		234BEF4F7EA3463BA6B509B0 /* HCPConfigStorageImpl.m in Sources */ = {isa = PBXBuildFile; fileRef = 9CCD155F6C4E44BEB175034C /* HCPConfigStorageImpl.m */; };
		6AEC405F9AF94B9A8BDDEFD5 /* HCPContentManifestStorage.m in Sources */ = {isa = PBXBuildFile; fileRef = C2469A1283B441729F3537E2 /* HCPContentManifestStorage.m */; };
		E1B17DBC18204FCC99125476 /* HCPPluginInternalPreferences+UserDefaults.m in Sources */ = {isa = PBXBuildFile; fileRef = B040BA5F540645FFA2AABC7B /* HCPPluginInternalPreferences+UserDefaults.m */; };
		FE38EE86A39946EA8EFF6FE2 /* HCPFetchUpdateOptions.m in Sources */ = {isa = PBXBuildFile; fileRef = 93FCFA35D81940048F7AC563 /* HCPFetchUpdateOptions.m */; };
		595C4443D21C4B88860AF6FB /* HCPInstallationWorker.m in Sources */ = {isa = PBXBuildFile; fileRef = ADA8E7779ED7412893327558 /* HCPInstallationWorker.m */; };
		4C721A6D8B334886A60B58F4 /* HCPUpdateInstaller.m in Sources */ = {isa = PBXBuildFile; fileRef = EC82E7402FB14CD6B1382686 /* HCPUpdateInstaller.m */; };
		CE2C2BFB858E4504A8D6D0DE /* HCPUpdateLoader.m in Sources */ = {isa = PBXBuildFile; fileRef = 1CD941D3BC0A4343BD860C60 /* HCPUpdateLoader.m */; };
		98A280D437A14AE79DC513D5 /* HCPUpdateLoaderWorker.m in Sources */ = {isa = PBXBuildFile; fileRef = C74E956E50694B3394A81286 /* HCPUpdateLoaderWorker.m */; };
		CE9ECF10FEB04F999B50E0AE /* HCPUpdateRequest.m in Sources */ = {isa = PBXBuildFile; fileRef = 3FA667DF7ED945A387C5E192 /* HCPUpdateRequest.m */; };
		2FBE97B04C3341A28E5859FF /* HCPCleanupHelper.m in Sources */ = {isa = PBXBuildFile; fileRef = A5D57BD12D3242768A27226A /* HCPCleanupHelper.m */; };
		33AD1071A72B4DEFBC89A74E /* NSBundle+HCPExtension.m in Sources */ = {isa = PBXBuildFile; fileRef = EDC936C102C04602B8012F26 /* NSBundle+HCPExtension.m */; };
		E887461B223744DD9618EBEB /* NSData+HCPMD5.m in Sources */ = {isa = PBXBuildFile; fileRef = 844614C213F34715BE5F5580 /* NSData+HCPMD5.m */; };
		0EC75AE0FA684E2F98E6245F /* NSError+HCPExtension.m in Sources */ = {isa = PBXBuildFile; fileRef = 3F27D07D2D384A54AC5F2192 /* NSError+HCPExtension.m */; };
		C2245E177FA24C75AE2E84D5 /* NSFileManager+HCPExtension.m in Sources */ = {isa = PBXBuildFile; fileRef = F1D0030516CC47A29E2E913E /* NSFileManager+HCPExtension.m */; };
		D2F67D344CAA433B93ACF9A6 /* NSJSONSerialization+HCPExtension.m in Sources */ = {isa = PBXBuildFile; fileRef = 2C4C24CE0A72404D8E3DDDD7 /* NSJSONSerialization+HCPExtension.m */; };
		A29EF1A6F58046529D11D4F7 /* HCPAppUpdateRequestAlertDialog.m in Sources */ = {isa = PBXBuildFile; fileRef = 20F22E4814CB4353B45CC61C /* HCPAppUpdateRequestAlertDialog.m */; };
		D7292651A6914EE4A4C0E80B /* HCPAssetsFolderHelper.m in Sources */ = {isa = PBXBuildFile; fileRef = 9515632EADA34933B165A57C /* HCPAssetsFolderHelper.m */; };
		C163CB78C0104E5CBB5BB149 /* CDVWKWebViewEngine+HCPPlugin_ReadAccessURL.m in Sources */ = {isa = PBXBuildFile; fileRef = 1E4D3B019DC34295B128F2AD /* CDVWKWebViewEngine+HCPPlugin_ReadAccessURL.m */; };
		29443F68D67648189ADF3637 /* HCPLDPlugin.m in Sources */ = {isa = PBXBuildFile; fileRef = 1E777FCB30584CBCA04C19E8 /* HCPLDPlugin.m */; };
		63A188BC2BB841BAADB16C68 /* HCPLDOptions.m in Sources */ = {isa = PBXBuildFile; fileRef = C3B3312768F24370A9A23DF9 /* HCPLDOptions.m */; };
		9F01FD9E94F24206BEB8AB77 /* HCPLDXmlConfig.m in Sources */ = {isa = PBXBuildFile; fileRef = 37719028D0944169A67AE153 /* HCPLDXmlConfig.m */; };
		39C3241D1B5C4933A517C939 /* HCPLDXmlConfigParser.m in Sources */ = {isa = PBXBuildFile; fileRef = 3C5E59E17714444FA4446B34 /* HCPLDXmlConfigParser.m */; };
		6B9A939E37A14245B5A92FC5 /* HCPLDXmlTags.m in Sources */ = {isa = PBXBuildFile; fileRef = 6D7679E5F6504650BCC88D29 /* HCPLDXmlTags.m */; };
		35C1CC3BACA3476EA6616669 /* SocketAckEmitter.swift in Sources */ = {isa = PBXBuildFile; fileRef = 9F9CC13AC7FA43D88E066716 /* SocketAckEmitter.swift */; };
		CE8546D643CE4451B9C49B98 /* SocketAckManager.swift in Sources */ = {isa = PBXBuildFile; fileRef = 375AA090DF434C0F95DB0AC4 /* SocketAckManager.swift */; };
		AFA98CAD63DC455DB2758EC5 /* SocketAnyEvent.swift in Sources */ = {isa = PBXBuildFile; fileRef = 483BF94F82794C428E2B5B3D /* SocketAnyEvent.swift */; };
		0C739203696246F6BAE21962 /* SocketClientManager.swift in Sources */ = {isa = PBXBuildFile; fileRef = 4924036E3AE3465D93D53C1E /* SocketClientManager.swift */; };
		3C95B705CF79464F95AD49DA /* SocketEngine.swift in Sources */ = {isa = PBXBuildFile; fileRef = 97FCC8A953D644AD98E22049 /* SocketEngine.swift */; };
		112D2C2B73C444F48AAE4431 /* SocketEngineClient.swift in Sources */ = {isa = PBXBuildFile; fileRef = 522D2C056D5642F3B3F45BA3 /* SocketEngineClient.swift */; };
		2A091240D85049AAB1EFB8CD /* SocketEnginePacketType.swift in Sources */ = {isa = PBXBuildFile; fileRef = 29D9425694394DC888EA03A3 /* SocketEnginePacketType.swift */; };
		D8F71C1BDEB04F478AB1997C /* SocketEnginePollable.swift in Sources */ = {isa = PBXBuildFile; fileRef = 9CDF0A12E17645D1A69BE654 /* SocketEnginePollable.swift */; };
		91DF1E50DBCB40D593EEB0BA /* SocketEngineSpec.swift in Sources */ = {isa = PBXBuildFile; fileRef = C04BCCF0C5C741CF835CCB67 /* SocketEngineSpec.swift */; };
		B416868444DE42B4B8FEF3A0 /* SocketEngineWebsocket.swift in Sources */ = {isa = PBXBuildFile; fileRef = 7C662987CDDB499383DD30D4 /* SocketEngineWebsocket.swift */; };
		F558CC2EFB924ED1AE79F083 /* SocketEventHandler.swift in Sources */ = {isa = PBXBuildFile; fileRef = A34623890F9C4A6E98005D95 /* SocketEventHandler.swift */; };
		9721BD1C0E774D54AF5F9C5B /* SocketExtensions.swift in Sources */ = {isa = PBXBuildFile; fileRef = 12050BC18E7845F2915024AB /* SocketExtensions.swift */; };
		926A9FFD17D24871B13C17DA /* SocketIOClient.swift in Sources */ = {isa = PBXBuildFile; fileRef = F4AFAE894A1847E89379A5BD /* SocketIOClient.swift */; };
		044083F0C6184FA7911487CF /* SocketIOClientConfiguration.swift in Sources */ = {isa = PBXBuildFile; fileRef = EA20C86E0F7A425C921CA83C /* SocketIOClientConfiguration.swift */; };
		F03C92FC32D445FCAF7E0100 /* SocketIOClientOption.swift in Sources */ = {isa = PBXBuildFile; fileRef = FF2A97F700284C48A8E384E2 /* SocketIOClientOption.swift */; };
		F42E24B112494FDCB53CA7C0 /* SocketIOClientSpec.swift in Sources */ = {isa = PBXBuildFile; fileRef = D00D8AAD6C084D7580393815 /* SocketIOClientSpec.swift */; };
		7AB2A9CEBB29417C85636583 /* SocketIOClientStatus.swift in Sources */ = {isa = PBXBuildFile; fileRef = D3B74BE8B03E4A0A91D3EEFD /* SocketIOClientStatus.swift */; };
		FC0C68E82301421FAA4AF51F /* SocketLogger.swift in Sources */ = {isa = PBXBuildFile; fileRef = D67AF0524FD649F69B0C691C /* SocketLogger.swift */; };
		60503122FCC740F198C95621 /* SocketPacket.swift in Sources */ = {isa = PBXBuildFile; fileRef = 52ED8262F5DD419A8CBA7FEC /* SocketPacket.swift */; };
		7168085A805B4C318E7AA3C0 /* SocketParsable.swift in Sources */ = {isa = PBXBuildFile; fileRef = 105C09153CA4436DA4E3A3EA /* SocketParsable.swift */; };
		0A2793AD5C4249E18651E8E2 /* SocketStringReader.swift in Sources */ = {isa = PBXBuildFile; fileRef = 07719141FB01458B9D9546BD /* SocketStringReader.swift */; };
		225A8BCE35D5418BB6910C36 /* SocketTypes.swift in Sources */ = {isa = PBXBuildFile; fileRef = 3BEBB581F2384FBCAA503B0D /* SocketTypes.swift */; };
		D85F5EF2B4CD43F5B0461D52 /* SSLSecurity.swift in Sources */ = {isa = PBXBuildFile; fileRef = 51B5E184C8F6454F91441F9D /* SSLSecurity.swift */; };
		F2679F020D1B48D486CBD6F5 /* WebSocket.swift in Sources */ = {isa = PBXBuildFile; fileRef = 10204B4ED7A3448BA634DD65 /* WebSocket.swift */; };
/* End PBXBuildFile section */

/* Begin PBXContainerItemProxy section */
		301BF534109A57CC0062928A /* PBXContainerItemProxy */ = {
			isa = PBXContainerItemProxy;
			containerPortal = 301BF52D109A57CC0062928A /* CordovaLib.xcodeproj */;
			proxyType = 2;
			remoteGlobalIDString = D2AAC07E0554694100DB518D;
			remoteInfo = CordovaLib;
		};
		301BF550109A68C00062928A /* PBXContainerItemProxy */ = {
			isa = PBXContainerItemProxy;
			containerPortal = 301BF52D109A57CC0062928A /* CordovaLib.xcodeproj */;
			proxyType = 1;
			remoteGlobalIDString = D2AAC07D0554694100DB518D;
			remoteInfo = CordovaLib;
		};
/* End PBXContainerItemProxy section */

/* Begin PBXFileReference section */
		0207DA571B56EA530066E2B4 /* Images.xcassets */ = {isa = PBXFileReference; lastKnownFileType = folder.assetcatalog; name = Images.xcassets; path = "Broker/Images.xcassets"; sourceTree = SOURCE_ROOT; };
		1D3623240D0F684500981E51 /* AppDelegate.h */ = {isa = PBXFileReference; fileEncoding = 4; lastKnownFileType = sourcecode.c.h; path = AppDelegate.h; sourceTree = "<group>"; };
		1D3623250D0F684500981E51 /* AppDelegate.m */ = {isa = PBXFileReference; fileEncoding = 4; lastKnownFileType = sourcecode.c.objc; path = AppDelegate.m; sourceTree = "<group>"; };
		1D6058910D05DD3D006BFB54 /* Broker.app */ = {isa = PBXFileReference; explicitFileType = wrapper.application; includeInIndex = 0; path = "Broker.app"; sourceTree = BUILT_PRODUCTS_DIR; };
		29B97316FDCFA39411CA2CEA /* main.m */ = {isa = PBXFileReference; fileEncoding = 4; lastKnownFileType = sourcecode.c.objc; path = main.m; sourceTree = "<group>"; };
		301BF52D109A57CC0062928A /* CordovaLib.xcodeproj */ = {isa = PBXFileReference; lastKnownFileType = "wrapper.pb-project"; path = CordovaLib/CordovaLib.xcodeproj; sourceTree = "<group>"; };
		301BF56E109A69640062928A /* www */ = {isa = PBXFileReference; lastKnownFileType = folder; path = www; sourceTree = SOURCE_ROOT; };
		302D95EE14D2391D003F00A1 /* MainViewController.h */ = {isa = PBXFileReference; fileEncoding = 4; lastKnownFileType = sourcecode.c.h; path = MainViewController.h; sourceTree = "<group>"; };
		302D95EF14D2391D003F00A1 /* MainViewController.m */ = {isa = PBXFileReference; fileEncoding = 4; lastKnownFileType = sourcecode.c.objc; path = MainViewController.m; sourceTree = "<group>"; };
		302D95F014D2391D003F00A1 /* MainViewController.xib */ = {isa = PBXFileReference; fileEncoding = 4; lastKnownFileType = file.xib; path = MainViewController.xib; sourceTree = "<group>"; };
		3047A50F1AB8059700498E2A /* build-debug.xcconfig */ = {isa = PBXFileReference; fileEncoding = 4; lastKnownFileType = text.xcconfig; name = "build-debug.xcconfig"; path = cordova/build-debug.xcconfig; sourceTree = SOURCE_ROOT; };
		3047A5101AB8059700498E2A /* build-release.xcconfig */ = {isa = PBXFileReference; fileEncoding = 4; lastKnownFileType = text.xcconfig; name = "build-release.xcconfig"; path = cordova/build-release.xcconfig; sourceTree = SOURCE_ROOT; };
		3047A5111AB8059700498E2A /* build.xcconfig */ = {isa = PBXFileReference; fileEncoding = 4; lastKnownFileType = text.xcconfig; name = build.xcconfig; path = cordova/build.xcconfig; sourceTree = SOURCE_ROOT; };
		32CA4F630368D1EE00C91783 /* Broker-Prefix.pch */ = {isa = PBXFileReference; fileEncoding = 4; lastKnownFileType = sourcecode.c.h; path = "Broker-Prefix.pch"; sourceTree = "<group>"; };
		6AFF5BF81D6E424B00AB3073 /* CDVLaunchScreen.storyboard */ = {isa = PBXFileReference; fileEncoding = 4; lastKnownFileType = file.storyboard; name = CDVLaunchScreen.storyboard; path = "Broker/CDVLaunchScreen.storyboard"; sourceTree = SOURCE_ROOT; };
		8D1107310486CEB800E47090 /* Broker-Info.plist */ = {isa = PBXFileReference; fileEncoding = 4; lastKnownFileType = text.plist.xml; name = "Broker-Info.plist"; path = "Broker/Broker-Info.plist"; plistStructureDefinitionIdentifier = "com.apple.xcode.plist.structure-definition.iphone.info-plist"; sourceTree = SOURCE_ROOT; };
		EB87FDF31871DA8E0020F90C /* www */ = {isa = PBXFileReference; lastKnownFileType = folder; name = www; path = ../../www; sourceTree = "<group>"; };
		EB87FDF41871DAF40020F90C /* config.xml */ = {isa = PBXFileReference; lastKnownFileType = text.xml; name = config.xml; path = ../../config.xml; sourceTree = "<group>"; };
		F840E1F0165FE0F500CFE078 /* config.xml */ = {isa = PBXFileReference; lastKnownFileType = text.xml; name = config.xml; path = "Broker/config.xml"; sourceTree = "<group>"; };
		ED33DF2A687741AEAF9F8254 /* Bridging-Header.h */ = {isa = PBXFileReference; fileEncoding = 4; lastKnownFileType = sourcecode.c.h; name = "Bridging-Header.h"; path = "Bridging-Header.h"; sourceTree = "<group>"; };
		3F4EA29F8C084619A4B98A85 /* HCPPlugin.m */ = {isa = PBXFileReference; name = "HCPPlugin.m"; path = "cordova-hot-code-push-plugin/HCPPlugin.m"; sourceTree = "<group>"; fileEncoding = 4; lastKnownFileType = sourcecode.c.objc; explicitFileType = undefined; includeInIndex = 0; };
		2F04F1E4517A4549A01F7488 /* HCPApplicationConfig.m */ = {isa = PBXFileReference; name = "HCPApplicationConfig.m"; path = "cordova-hot-code-push-plugin/Config/HCPApplicationConfig.m"; sourceTree = "<group>"; fileEncoding = 4; lastKnownFileType = sourcecode.c.objc; explicitFileType = undefined; includeInIndex = 0; };
		2494F73AD87341AFA7FD8312 /* HCPContentConfig.m */ = {isa = PBXFileReference; name = "HCPContentConfig.m"; path = "cordova-hot-code-push-plugin/Config/HCPContentConfig.m"; sourceTree = "<group>"; fileEncoding = 4; lastKnownFileType = sourcecode.c.objc; explicitFileType = undefined; includeInIndex = 0; };
		EF61623FDF3A402F96673E36 /* HCPContentManifest.m */ = {isa = PBXFileReference; name = "HCPContentManifest.m"; path = "cordova-hot-code-push-plugin/Config/HCPContentManifest.m"; sourceTree = "<group>"; fileEncoding = 4; lastKnownFileType = sourcecode.c.objc; explicitFileType = undefined; includeInIndex = 0; };
		32147BBDA00A4E0E9BB80E1A /* HCPPluginInternalPreferences.m */ = {isa = PBXFileReference; name = "HCPPluginInternalPreferences.m"; path = "cordova-hot-code-push-plugin/Config/HCPPluginInternalPreferences.m"; sourceTree = "<group>"; fileEncoding = 4; lastKnownFileType = sourcecode.c.objc; explicitFileType = undefined; includeInIndex = 0; };
		47F80C7C65F9415C91AB15E7 /* HCPXmlConfig.m */ = {isa = PBXFileReference; name = "HCPXmlConfig.m"; path = "cordova-hot-code-push-plugin/Config/HCPXmlConfig.m"; sourceTree = "<group>"; fileEncoding = 4; lastKnownFileType = sourcecode.c.objc; explicitFileType = undefined; includeInIndex = 0; };
		2C538416E75F419DADEBA92D /* HCPXmlTags.m */ = {isa = PBXFileReference; name = "HCPXmlTags.m"; path = "cordova-hot-code-push-plugin/Config/HCPXmlTags.m"; sourceTree = "<group>"; fileEncoding = 4; lastKnownFileType = sourcecode.c.objc; explicitFileType = undefined; includeInIndex = 0; };
		C3E0DF07F09C408FB426C1C5 /* HCPXmlConfigParser.m */ = {isa = PBXFileReference; name = "HCPXmlConfigParser.m"; path = "cordova-hot-code-push-plugin/Config/HCPXmlConfigParser.m"; sourceTree = "<group>"; fileEncoding = 4; lastKnownFileType = sourcecode.c.objc; explicitFileType = undefined; includeInIndex = 0; };
		6DA0B7955CA643159DC75D9D /* HCPEvents.m */ = {isa = PBXFileReference; name = "HCPEvents.m"; path = "cordova-hot-code-push-plugin/Events/HCPEvents.m"; sourceTree = "<group>"; fileEncoding = 4; lastKnownFileType = sourcecode.c.objc; explicitFileType = undefined; includeInIndex = 0; };
		C8F1FE0EE8544A7B93357635 /* CDVPluginResult+HCPEvents.m */ = {isa = PBXFileReference; name = "CDVPluginResult+HCPEvents.m"; path = "cordova-hot-code-push-plugin/JS/CDVPluginResult+HCPEvents.m"; sourceTree = "<group>"; fileEncoding = 4; lastKnownFileType = sourcecode.c.objc; explicitFileType = undefined; includeInIndex = 0; };
		0F0829C4B3AE4F148AF9265C /* HCPFilesStructure.m */ = {isa = PBXFileReference; name = "HCPFilesStructure.m"; path = "cordova-hot-code-push-plugin/Model/HCPFilesStructure.m"; sourceTree = "<group>"; fileEncoding = 4; lastKnownFileType = sourcecode.c.objc; explicitFileType = undefined; includeInIndex = 0; };
		DCC1834B650B470DA08B5518 /* HCPManifestDiff.m */ = {isa = PBXFileReference; name = "HCPManifestDiff.m"; path = "cordova-hot-code-push-plugin/Model/HCPManifestDiff.m"; sourceTree = "<group>"; fileEncoding = 4; lastKnownFileType = sourcecode.c.objc; explicitFileType = undefined; includeInIndex = 0; };
		AACF738D42A34F30BC8A762B /* HCPManifestFile.m */ = {isa = PBXFileReference; name = "HCPManifestFile.m"; path = "cordova-hot-code-push-plugin/Model/HCPManifestFile.m"; sourceTree = "<group>"; fileEncoding = 4; lastKnownFileType = sourcecode.c.objc; explicitFileType = undefined; includeInIndex = 0; };
		06F41026202F436B966C9F71 /* HCPFileDownloader.m */ = {isa = PBXFileReference; name = "HCPFileDownloader.m"; path = "cordova-hot-code-push-plugin/Network/HCPFileDownloader.m"; sourceTree = "<group>"; fileEncoding = 4; lastKnownFileType = sourcecode.c.objc; explicitFileType = undefined; includeInIndex = 0; };
		DA8DE83EDD4E4DB0B23E99B9 /* HCPDataDownloader.m */ = {isa = PBXFileReference; name = "HCPDataDownloader.m"; path = "cordova-hot-code-push-plugin/Network/HCPDataDownloader.m"; sourceTree = "<group>"; fileEncoding = 4; lastKnownFileType = sourcecode.c.objc; explicitFileType = undefined; includeInIndex = 0; };
		0464330720714A7C82D9759F /* HCPApplicationConfigStorage.m */ = {isa = PBXFileReference; name = "HCPApplicationConfigStorage.m"; path = "cordova-hot-code-push-plugin/Storage/HCPApplicationConfigStorage.m"; sourceTree = "<group>"; fileEncoding = 4; lastKnownFileType = sourcecode.c.objc; explicitFileType = undefined; includeInIndex = 0; };
		9CCD155F6C4E44BEB175034C /* HCPConfigStorageImpl.m */ = {isa = PBXFileReference; name = "HCPConfigStorageImpl.m"; path = "cordova-hot-code-push-plugin/Storage/HCPConfigStorageImpl.m"; sourceTree = "<group>"; fileEncoding = 4; lastKnownFileType = sourcecode.c.objc; explicitFileType = undefined; includeInIndex = 0; };
		C2469A1283B441729F3537E2 /* HCPContentManifestStorage.m */ = {isa = PBXFileReference; name = "HCPContentManifestStorage.m"; path = "cordova-hot-code-push-plugin/Storage/HCPContentManifestStorage.m"; sourceTree = "<group>"; fileEncoding = 4; lastKnownFileType = sourcecode.c.objc; explicitFileType = undefined; includeInIndex = 0; };
		B040BA5F540645FFA2AABC7B /* HCPPluginInternalPreferences+UserDefaults.m */ = {isa = PBXFileReference; name = "HCPPluginInternalPreferences+UserDefaults.m"; path = "cordova-hot-code-push-plugin/Storage/HCPPluginInternalPreferences+UserDefaults.m"; sourceTree = "<group>"; fileEncoding = 4; lastKnownFileType = sourcecode.c.objc; explicitFileType = undefined; includeInIndex = 0; };
		93FCFA35D81940048F7AC563 /* HCPFetchUpdateOptions.m */ = {isa = PBXFileReference; name = "HCPFetchUpdateOptions.m"; path = "cordova-hot-code-push-plugin/Updater/HCPFetchUpdateOptions.m"; sourceTree = "<group>"; fileEncoding = 4; lastKnownFileType = sourcecode.c.objc; explicitFileType = undefined; includeInIndex = 0; };
		ADA8E7779ED7412893327558 /* HCPInstallationWorker.m */ = {isa = PBXFileReference; name = "HCPInstallationWorker.m"; path = "cordova-hot-code-push-plugin/Updater/HCPInstallationWorker.m"; sourceTree = "<group>"; fileEncoding = 4; lastKnownFileType = sourcecode.c.objc; explicitFileType = undefined; includeInIndex = 0; };
		EC82E7402FB14CD6B1382686 /* HCPUpdateInstaller.m */ = {isa = PBXFileReference; name = "HCPUpdateInstaller.m"; path = "cordova-hot-code-push-plugin/Updater/HCPUpdateInstaller.m"; sourceTree = "<group>"; fileEncoding = 4; lastKnownFileType = sourcecode.c.objc; explicitFileType = undefined; includeInIndex = 0; };
		1CD941D3BC0A4343BD860C60 /* HCPUpdateLoader.m */ = {isa = PBXFileReference; name = "HCPUpdateLoader.m"; path = "cordova-hot-code-push-plugin/Updater/HCPUpdateLoader.m"; sourceTree = "<group>"; fileEncoding = 4; lastKnownFileType = sourcecode.c.objc; explicitFileType = undefined; includeInIndex = 0; };
		C74E956E50694B3394A81286 /* HCPUpdateLoaderWorker.m */ = {isa = PBXFileReference; name = "HCPUpdateLoaderWorker.m"; path = "cordova-hot-code-push-plugin/Updater/HCPUpdateLoaderWorker.m"; sourceTree = "<group>"; fileEncoding = 4; lastKnownFileType = sourcecode.c.objc; explicitFileType = undefined; includeInIndex = 0; };
		3FA667DF7ED945A387C5E192 /* HCPUpdateRequest.m */ = {isa = PBXFileReference; name = "HCPUpdateRequest.m"; path = "cordova-hot-code-push-plugin/Updater/HCPUpdateRequest.m"; sourceTree = "<group>"; fileEncoding = 4; lastKnownFileType = sourcecode.c.objc; explicitFileType = undefined; includeInIndex = 0; };
		A5D57BD12D3242768A27226A /* HCPCleanupHelper.m */ = {isa = PBXFileReference; name = "HCPCleanupHelper.m"; path = "cordova-hot-code-push-plugin/Utils/HCPCleanupHelper.m"; sourceTree = "<group>"; fileEncoding = 4; lastKnownFileType = sourcecode.c.objc; explicitFileType = undefined; includeInIndex = 0; };
		EDC936C102C04602B8012F26 /* NSBundle+HCPExtension.m */ = {isa = PBXFileReference; name = "NSBundle+HCPExtension.m"; path = "cordova-hot-code-push-plugin/Utils/NSBundle+HCPExtension.m"; sourceTree = "<group>"; fileEncoding = 4; lastKnownFileType = sourcecode.c.objc; explicitFileType = undefined; includeInIndex = 0; };
		844614C213F34715BE5F5580 /* NSData+HCPMD5.m */ = {isa = PBXFileReference; name = "NSData+HCPMD5.m"; path = "cordova-hot-code-push-plugin/Utils/NSData+HCPMD5.m"; sourceTree = "<group>"; fileEncoding = 4; lastKnownFileType = sourcecode.c.objc; explicitFileType = undefined; includeInIndex = 0; };
		3F27D07D2D384A54AC5F2192 /* NSError+HCPExtension.m */ = {isa = PBXFileReference; name = "NSError+HCPExtension.m"; path = "cordova-hot-code-push-plugin/Utils/NSError+HCPExtension.m"; sourceTree = "<group>"; fileEncoding = 4; lastKnownFileType = sourcecode.c.objc; explicitFileType = undefined; includeInIndex = 0; };
		F1D0030516CC47A29E2E913E /* NSFileManager+HCPExtension.m */ = {isa = PBXFileReference; name = "NSFileManager+HCPExtension.m"; path = "cordova-hot-code-push-plugin/Utils/NSFileManager+HCPExtension.m"; sourceTree = "<group>"; fileEncoding = 4; lastKnownFileType = sourcecode.c.objc; explicitFileType = undefined; includeInIndex = 0; };
		2C4C24CE0A72404D8E3DDDD7 /* NSJSONSerialization+HCPExtension.m */ = {isa = PBXFileReference; name = "NSJSONSerialization+HCPExtension.m"; path = "cordova-hot-code-push-plugin/Utils/NSJSONSerialization+HCPExtension.m"; sourceTree = "<group>"; fileEncoding = 4; lastKnownFileType = sourcecode.c.objc; explicitFileType = undefined; includeInIndex = 0; };
		20F22E4814CB4353B45CC61C /* HCPAppUpdateRequestAlertDialog.m */ = {isa = PBXFileReference; name = "HCPAppUpdateRequestAlertDialog.m"; path = "cordova-hot-code-push-plugin/Utils/HCPAppUpdateRequestAlertDialog.m"; sourceTree = "<group>"; fileEncoding = 4; lastKnownFileType = sourcecode.c.objc; explicitFileType = undefined; includeInIndex = 0; };
		9515632EADA34933B165A57C /* HCPAssetsFolderHelper.m */ = {isa = PBXFileReference; name = "HCPAssetsFolderHelper.m"; path = "cordova-hot-code-push-plugin/Utils/HCPAssetsFolderHelper.m"; sourceTree = "<group>"; fileEncoding = 4; lastKnownFileType = sourcecode.c.objc; explicitFileType = undefined; includeInIndex = 0; };
		1E4D3B019DC34295B128F2AD /* CDVWKWebViewEngine+HCPPlugin_ReadAccessURL.m */ = {isa = PBXFileReference; name = "CDVWKWebViewEngine+HCPPlugin_ReadAccessURL.m"; path = "cordova-hot-code-push-plugin/WKWebViewFix/CDVWKWebViewEngine+HCPPlugin_ReadAccessURL.m"; sourceTree = "<group>"; fileEncoding = 4; lastKnownFileType = sourcecode.c.objc; explicitFileType = undefined; includeInIndex = 0; };
		D276C184A6B84E049AF58946 /* HCPPlugin.h */ = {isa = PBXFileReference; name = "HCPPlugin.h"; path = "cordova-hot-code-push-plugin/HCPPlugin.h"; sourceTree = "<group>"; fileEncoding = 4; lastKnownFileType = sourcecode.c.h; explicitFileType = undefined; includeInIndex = 0; };
		94F215DA3B2C4A9FA17BB7C3 /* HCPApplicationConfig.h */ = {isa = PBXFileReference; name = "HCPApplicationConfig.h"; path = "cordova-hot-code-push-plugin/Config/HCPApplicationConfig.h"; sourceTree = "<group>"; fileEncoding = 4; lastKnownFileType = sourcecode.c.h; explicitFileType = undefined; includeInIndex = 0; };
		DAB6E7A3E9324139918DADED /* HCPContentConfig.h */ = {isa = PBXFileReference; name = "HCPContentConfig.h"; path = "cordova-hot-code-push-plugin/Config/HCPContentConfig.h"; sourceTree = "<group>"; fileEncoding = 4; lastKnownFileType = sourcecode.c.h; explicitFileType = undefined; includeInIndex = 0; };
		BFC67553551A48E0AD3E035D /* HCPContentManifest.h */ = {isa = PBXFileReference; name = "HCPContentManifest.h"; path = "cordova-hot-code-push-plugin/Config/HCPContentManifest.h"; sourceTree = "<group>"; fileEncoding = 4; lastKnownFileType = sourcecode.c.h; explicitFileType = undefined; includeInIndex = 0; };
		BB3E4707DD6E4E13AFDCEA26 /* HCPPluginInternalPreferences.h */ = {isa = PBXFileReference; name = "HCPPluginInternalPreferences.h"; path = "cordova-hot-code-push-plugin/Config/HCPPluginInternalPreferences.h"; sourceTree = "<group>"; fileEncoding = 4; lastKnownFileType = sourcecode.c.h; explicitFileType = undefined; includeInIndex = 0; };
		5023E47CFC5943198E2C3AE6 /* HCPXmlConfig.h */ = {isa = PBXFileReference; name = "HCPXmlConfig.h"; path = "cordova-hot-code-push-plugin/Config/HCPXmlConfig.h"; sourceTree = "<group>"; fileEncoding = 4; lastKnownFileType = sourcecode.c.h; explicitFileType = undefined; includeInIndex = 0; };
		CD965F1593EE44D69AE8E270 /* HCPXmlTags.h */ = {isa = PBXFileReference; name = "HCPXmlTags.h"; path = "cordova-hot-code-push-plugin/Config/HCPXmlTags.h"; sourceTree = "<group>"; fileEncoding = 4; lastKnownFileType = sourcecode.c.h; explicitFileType = undefined; includeInIndex = 0; };
		07097046DC164D0B8DCDF311 /* HCPXmlConfigParser.h */ = {isa = PBXFileReference; name = "HCPXmlConfigParser.h"; path = "cordova-hot-code-push-plugin/Config/HCPXmlConfigParser.h"; sourceTree = "<group>"; fileEncoding = 4; lastKnownFileType = sourcecode.c.h; explicitFileType = undefined; includeInIndex = 0; };
		9462C4F65AAB4BA0970509BF /* HCPEvents.h */ = {isa = PBXFileReference; name = "HCPEvents.h"; path = "cordova-hot-code-push-plugin/Events/HCPEvents.h"; sourceTree = "<group>"; fileEncoding = 4; lastKnownFileType = sourcecode.c.h; explicitFileType = undefined; includeInIndex = 0; };
		C56BC961D45144B4A7FC9794 /* CDVPluginResult+HCPEvents.h */ = {isa = PBXFileReference; name = "CDVPluginResult+HCPEvents.h"; path = "cordova-hot-code-push-plugin/JS/CDVPluginResult+HCPEvents.h"; sourceTree = "<group>"; fileEncoding = 4; lastKnownFileType = sourcecode.c.h; explicitFileType = undefined; includeInIndex = 0; };
		2CBDEC92D1704BD3A2B29C30 /* HCPFilesStructure.h */ = {isa = PBXFileReference; name = "HCPFilesStructure.h"; path = "cordova-hot-code-push-plugin/Model/HCPFilesStructure.h"; sourceTree = "<group>"; fileEncoding = 4; lastKnownFileType = sourcecode.c.h; explicitFileType = undefined; includeInIndex = 0; };
		562A6E39AA324CCCAA66F85A /* HCPJsonConvertable.h */ = {isa = PBXFileReference; name = "HCPJsonConvertable.h"; path = "cordova-hot-code-push-plugin/Model/HCPJsonConvertable.h"; sourceTree = "<group>"; fileEncoding = 4; lastKnownFileType = sourcecode.c.h; explicitFileType = undefined; includeInIndex = 0; };
		4B1B36A187CB4D24BF407F35 /* HCPManifestDiff.h */ = {isa = PBXFileReference; name = "HCPManifestDiff.h"; path = "cordova-hot-code-push-plugin/Model/HCPManifestDiff.h"; sourceTree = "<group>"; fileEncoding = 4; lastKnownFileType = sourcecode.c.h; explicitFileType = undefined; includeInIndex = 0; };
		597EF3DE05994087883DEAE2 /* HCPManifestFile.h */ = {isa = PBXFileReference; name = "HCPManifestFile.h"; path = "cordova-hot-code-push-plugin/Model/HCPManifestFile.h"; sourceTree = "<group>"; fileEncoding = 4; lastKnownFileType = sourcecode.c.h; explicitFileType = undefined; includeInIndex = 0; };
		1BFE80512D0443C39BEE3CC8 /* HCPFileDownloader.h */ = {isa = PBXFileReference; name = "HCPFileDownloader.h"; path = "cordova-hot-code-push-plugin/Network/HCPFileDownloader.h"; sourceTree = "<group>"; fileEncoding = 4; lastKnownFileType = sourcecode.c.h; explicitFileType = undefined; includeInIndex = 0; };
		C38CA19BABDC43FD92C38FEC /* HCPDataDownloader.h */ = {isa = PBXFileReference; name = "HCPDataDownloader.h"; path = "cordova-hot-code-push-plugin/Network/HCPDataDownloader.h"; sourceTree = "<group>"; fileEncoding = 4; lastKnownFileType = sourcecode.c.h; explicitFileType = undefined; includeInIndex = 0; };
		E462C233F64D4B93BD7ACAE2 /* HCPApplicationConfigStorage.h */ = {isa = PBXFileReference; name = "HCPApplicationConfigStorage.h"; path = "cordova-hot-code-push-plugin/Storage/HCPApplicationConfigStorage.h"; sourceTree = "<group>"; fileEncoding = 4; lastKnownFileType = sourcecode.c.h; explicitFileType = undefined; includeInIndex = 0; };
		3F299BCB4E724EA6813F5E8F /* HCPConfigFileStorage.h */ = {isa = PBXFileReference; name = "HCPConfigFileStorage.h"; path = "cordova-hot-code-push-plugin/Storage/HCPConfigFileStorage.h"; sourceTree = "<group>"; fileEncoding = 4; lastKnownFileType = sourcecode.c.h; explicitFileType = undefined; includeInIndex = 0; };
		BD4AA06196024905B919CA77 /* HCPConfigStorageImpl.h */ = {isa = PBXFileReference; name = "HCPConfigStorageImpl.h"; path = "cordova-hot-code-push-plugin/Storage/HCPConfigStorageImpl.h"; sourceTree = "<group>"; fileEncoding = 4; lastKnownFileType = sourcecode.c.h; explicitFileType = undefined; includeInIndex = 0; };
		30D2D78AB9C44039A21BA495 /* HCPContentManifestStorage.h */ = {isa = PBXFileReference; name = "HCPContentManifestStorage.h"; path = "cordova-hot-code-push-plugin/Storage/HCPContentManifestStorage.h"; sourceTree = "<group>"; fileEncoding = 4; lastKnownFileType = sourcecode.c.h; explicitFileType = undefined; includeInIndex = 0; };
		C4915F25B1D34C7E80FC922E /* HCPPluginInternalPreferences+UserDefaults.h */ = {isa = PBXFileReference; name = "HCPPluginInternalPreferences+UserDefaults.h"; path = "cordova-hot-code-push-plugin/Storage/HCPPluginInternalPreferences+UserDefaults.h"; sourceTree = "<group>"; fileEncoding = 4; lastKnownFileType = sourcecode.c.h; explicitFileType = undefined; includeInIndex = 0; };
		E8A866A87E234C8AA1439CA8 /* HCPFetchUpdateOptions.h */ = {isa = PBXFileReference; name = "HCPFetchUpdateOptions.h"; path = "cordova-hot-code-push-plugin/Updater/HCPFetchUpdateOptions.h"; sourceTree = "<group>"; fileEncoding = 4; lastKnownFileType = sourcecode.c.h; explicitFileType = undefined; includeInIndex = 0; };
		3A5A8C0690AF4F96A1E73173 /* HCPInstallationWorker.h */ = {isa = PBXFileReference; name = "HCPInstallationWorker.h"; path = "cordova-hot-code-push-plugin/Updater/HCPInstallationWorker.h"; sourceTree = "<group>"; fileEncoding = 4; lastKnownFileType = sourcecode.c.h; explicitFileType = undefined; includeInIndex = 0; };
		C3A7B9C09DB5459E8E74B645 /* HCPUpdateInstaller.h */ = {isa = PBXFileReference; name = "HCPUpdateInstaller.h"; path = "cordova-hot-code-push-plugin/Updater/HCPUpdateInstaller.h"; sourceTree = "<group>"; fileEncoding = 4; lastKnownFileType = sourcecode.c.h; explicitFileType = undefined; includeInIndex = 0; };
		E2D372D2D3984EB3983E416C /* HCPUpdateLoader.h */ = {isa = PBXFileReference; name = "HCPUpdateLoader.h"; path = "cordova-hot-code-push-plugin/Updater/HCPUpdateLoader.h"; sourceTree = "<group>"; fileEncoding = 4; lastKnownFileType = sourcecode.c.h; explicitFileType = undefined; includeInIndex = 0; };
		84ED904AA3884E2AB10BD189 /* HCPUpdateLoaderWorker.h */ = {isa = PBXFileReference; name = "HCPUpdateLoaderWorker.h"; path = "cordova-hot-code-push-plugin/Updater/HCPUpdateLoaderWorker.h"; sourceTree = "<group>"; fileEncoding = 4; lastKnownFileType = sourcecode.c.h; explicitFileType = undefined; includeInIndex = 0; };
		2F9D85141CB1474E9B817B50 /* HCPUpdateRequest.h */ = {isa = PBXFileReference; name = "HCPUpdateRequest.h"; path = "cordova-hot-code-push-plugin/Updater/HCPUpdateRequest.h"; sourceTree = "<group>"; fileEncoding = 4; lastKnownFileType = sourcecode.c.h; explicitFileType = undefined; includeInIndex = 0; };
		9C3A8A021B784E648E7AA7AA /* HCPWorker.h */ = {isa = PBXFileReference; name = "HCPWorker.h"; path = "cordova-hot-code-push-plugin/Updater/HCPWorker.h"; sourceTree = "<group>"; fileEncoding = 4; lastKnownFileType = sourcecode.c.h; explicitFileType = undefined; includeInIndex = 0; };
		A950303A28B54A0F98CB5E7A /* HCPCleanupHelper.h */ = {isa = PBXFileReference; name = "HCPCleanupHelper.h"; path = "cordova-hot-code-push-plugin/Utils/HCPCleanupHelper.h"; sourceTree = "<group>"; fileEncoding = 4; lastKnownFileType = sourcecode.c.h; explicitFileType = undefined; includeInIndex = 0; };
		13BC2C14736D45C4A6832BA4 /* NSBundle+HCPExtension.h */ = {isa = PBXFileReference; name = "NSBundle+HCPExtension.h"; path = "cordova-hot-code-push-plugin/Utils/NSBundle+HCPExtension.h"; sourceTree = "<group>"; fileEncoding = 4; lastKnownFileType = sourcecode.c.h; explicitFileType = undefined; includeInIndex = 0; };
		BB2CC431CC684775B8C53D52 /* NSData+HCPMD5.h */ = {isa = PBXFileReference; name = "NSData+HCPMD5.h"; path = "cordova-hot-code-push-plugin/Utils/NSData+HCPMD5.h"; sourceTree = "<group>"; fileEncoding = 4; lastKnownFileType = sourcecode.c.h; explicitFileType = undefined; includeInIndex = 0; };
		631B6F8C6876481CBA686DD3 /* NSError+HCPExtension.h */ = {isa = PBXFileReference; name = "NSError+HCPExtension.h"; path = "cordova-hot-code-push-plugin/Utils/NSError+HCPExtension.h"; sourceTree = "<group>"; fileEncoding = 4; lastKnownFileType = sourcecode.c.h; explicitFileType = undefined; includeInIndex = 0; };
		F994149650884655B3F6CD45 /* NSFileManager+HCPExtension.h */ = {isa = PBXFileReference; name = "NSFileManager+HCPExtension.h"; path = "cordova-hot-code-push-plugin/Utils/NSFileManager+HCPExtension.h"; sourceTree = "<group>"; fileEncoding = 4; lastKnownFileType = sourcecode.c.h; explicitFileType = undefined; includeInIndex = 0; };
		18B6C20498624BB2B47C6414 /* NSJSONSerialization+HCPExtension.h */ = {isa = PBXFileReference; name = "NSJSONSerialization+HCPExtension.h"; path = "cordova-hot-code-push-plugin/Utils/NSJSONSerialization+HCPExtension.h"; sourceTree = "<group>"; fileEncoding = 4; lastKnownFileType = sourcecode.c.h; explicitFileType = undefined; includeInIndex = 0; };
		0FEB1EEB93DD4C4C87C4F5AC /* HCPAppUpdateRequestAlertDialog.h */ = {isa = PBXFileReference; name = "HCPAppUpdateRequestAlertDialog.h"; path = "cordova-hot-code-push-plugin/Utils/HCPAppUpdateRequestAlertDialog.h"; sourceTree = "<group>"; fileEncoding = 4; lastKnownFileType = sourcecode.c.h; explicitFileType = undefined; includeInIndex = 0; };
		E58A3CC13DE4422B9AD0BC4D /* HCPAssetsFolderHelper.h */ = {isa = PBXFileReference; name = "HCPAssetsFolderHelper.h"; path = "cordova-hot-code-push-plugin/Utils/HCPAssetsFolderHelper.h"; sourceTree = "<group>"; fileEncoding = 4; lastKnownFileType = sourcecode.c.h; explicitFileType = undefined; includeInIndex = 0; };
		BE5FE999C3A4437EA5245A97 /* CDVWKWebViewEngine+HCPPlugin_ReadAccessURL.h */ = {isa = PBXFileReference; name = "CDVWKWebViewEngine+HCPPlugin_ReadAccessURL.h"; path = "cordova-hot-code-push-plugin/WKWebViewFix/CDVWKWebViewEngine+HCPPlugin_ReadAccessURL.h"; sourceTree = "<group>"; fileEncoding = 4; lastKnownFileType = sourcecode.c.h; explicitFileType = undefined; includeInIndex = 0; };
		1E777FCB30584CBCA04C19E8 /* HCPLDPlugin.m */ = {isa = PBXFileReference; name = "HCPLDPlugin.m"; path = "cordova-hot-code-push-local-dev-addon/HCPLDPlugin.m"; sourceTree = "<group>"; fileEncoding = 4; lastKnownFileType = sourcecode.c.objc; explicitFileType = undefined; includeInIndex = 0; };
		C3B3312768F24370A9A23DF9 /* HCPLDOptions.m */ = {isa = PBXFileReference; name = "HCPLDOptions.m"; path = "cordova-hot-code-push-local-dev-addon/Config/HCPLDOptions.m"; sourceTree = "<group>"; fileEncoding = 4; lastKnownFileType = sourcecode.c.objc; explicitFileType = undefined; includeInIndex = 0; };
		37719028D0944169A67AE153 /* HCPLDXmlConfig.m */ = {isa = PBXFileReference; name = "HCPLDXmlConfig.m"; path = "cordova-hot-code-push-local-dev-addon/Config/HCPLDXmlConfig.m"; sourceTree = "<group>"; fileEncoding = 4; lastKnownFileType = sourcecode.c.objc; explicitFileType = undefined; includeInIndex = 0; };
		3C5E59E17714444FA4446B34 /* HCPLDXmlConfigParser.m */ = {isa = PBXFileReference; name = "HCPLDXmlConfigParser.m"; path = "cordova-hot-code-push-local-dev-addon/Config/HCPLDXmlConfigParser.m"; sourceTree = "<group>"; fileEncoding = 4; lastKnownFileType = sourcecode.c.objc; explicitFileType = undefined; includeInIndex = 0; };
		6D7679E5F6504650BCC88D29 /* HCPLDXmlTags.m */ = {isa = PBXFileReference; name = "HCPLDXmlTags.m"; path = "cordova-hot-code-push-local-dev-addon/Config/HCPLDXmlTags.m"; sourceTree = "<group>"; fileEncoding = 4; lastKnownFileType = sourcecode.c.objc; explicitFileType = undefined; includeInIndex = 0; };
		9F9CC13AC7FA43D88E066716 /* SocketAckEmitter.swift */ = {isa = PBXFileReference; name = "SocketAckEmitter.swift"; path = "cordova-hot-code-push-local-dev-addon/SocketIOClientSwift/SocketAckEmitter.swift"; sourceTree = "<group>"; fileEncoding = 4; lastKnownFileType = sourcecode.swift; explicitFileType = undefined; includeInIndex = 0; };
		375AA090DF434C0F95DB0AC4 /* SocketAckManager.swift */ = {isa = PBXFileReference; name = "SocketAckManager.swift"; path = "cordova-hot-code-push-local-dev-addon/SocketIOClientSwift/SocketAckManager.swift"; sourceTree = "<group>"; fileEncoding = 4; lastKnownFileType = sourcecode.swift; explicitFileType = undefined; includeInIndex = 0; };
		483BF94F82794C428E2B5B3D /* SocketAnyEvent.swift */ = {isa = PBXFileReference; name = "SocketAnyEvent.swift"; path = "cordova-hot-code-push-local-dev-addon/SocketIOClientSwift/SocketAnyEvent.swift"; sourceTree = "<group>"; fileEncoding = 4; lastKnownFileType = sourcecode.swift; explicitFileType = undefined; includeInIndex = 0; };
		4924036E3AE3465D93D53C1E /* SocketClientManager.swift */ = {isa = PBXFileReference; name = "SocketClientManager.swift"; path = "cordova-hot-code-push-local-dev-addon/SocketIOClientSwift/SocketClientManager.swift"; sourceTree = "<group>"; fileEncoding = 4; lastKnownFileType = sourcecode.swift; explicitFileType = undefined; includeInIndex = 0; };
		97FCC8A953D644AD98E22049 /* SocketEngine.swift */ = {isa = PBXFileReference; name = "SocketEngine.swift"; path = "cordova-hot-code-push-local-dev-addon/SocketIOClientSwift/SocketEngine.swift"; sourceTree = "<group>"; fileEncoding = 4; lastKnownFileType = sourcecode.swift; explicitFileType = undefined; includeInIndex = 0; };
		522D2C056D5642F3B3F45BA3 /* SocketEngineClient.swift */ = {isa = PBXFileReference; name = "SocketEngineClient.swift"; path = "cordova-hot-code-push-local-dev-addon/SocketIOClientSwift/SocketEngineClient.swift"; sourceTree = "<group>"; fileEncoding = 4; lastKnownFileType = sourcecode.swift; explicitFileType = undefined; includeInIndex = 0; };
		29D9425694394DC888EA03A3 /* SocketEnginePacketType.swift */ = {isa = PBXFileReference; name = "SocketEnginePacketType.swift"; path = "cordova-hot-code-push-local-dev-addon/SocketIOClientSwift/SocketEnginePacketType.swift"; sourceTree = "<group>"; fileEncoding = 4; lastKnownFileType = sourcecode.swift; explicitFileType = undefined; includeInIndex = 0; };
		9CDF0A12E17645D1A69BE654 /* SocketEnginePollable.swift */ = {isa = PBXFileReference; name = "SocketEnginePollable.swift"; path = "cordova-hot-code-push-local-dev-addon/SocketIOClientSwift/SocketEnginePollable.swift"; sourceTree = "<group>"; fileEncoding = 4; lastKnownFileType = sourcecode.swift; explicitFileType = undefined; includeInIndex = 0; };
		C04BCCF0C5C741CF835CCB67 /* SocketEngineSpec.swift */ = {isa = PBXFileReference; name = "SocketEngineSpec.swift"; path = "cordova-hot-code-push-local-dev-addon/SocketIOClientSwift/SocketEngineSpec.swift"; sourceTree = "<group>"; fileEncoding = 4; lastKnownFileType = sourcecode.swift; explicitFileType = undefined; includeInIndex = 0; };
		7C662987CDDB499383DD30D4 /* SocketEngineWebsocket.swift */ = {isa = PBXFileReference; name = "SocketEngineWebsocket.swift"; path = "cordova-hot-code-push-local-dev-addon/SocketIOClientSwift/SocketEngineWebsocket.swift"; sourceTree = "<group>"; fileEncoding = 4; lastKnownFileType = sourcecode.swift; explicitFileType = undefined; includeInIndex = 0; };
		A34623890F9C4A6E98005D95 /* SocketEventHandler.swift */ = {isa = PBXFileReference; name = "SocketEventHandler.swift"; path = "cordova-hot-code-push-local-dev-addon/SocketIOClientSwift/SocketEventHandler.swift"; sourceTree = "<group>"; fileEncoding = 4; lastKnownFileType = sourcecode.swift; explicitFileType = undefined; includeInIndex = 0; };
		12050BC18E7845F2915024AB /* SocketExtensions.swift */ = {isa = PBXFileReference; name = "SocketExtensions.swift"; path = "cordova-hot-code-push-local-dev-addon/SocketIOClientSwift/SocketExtensions.swift"; sourceTree = "<group>"; fileEncoding = 4; lastKnownFileType = sourcecode.swift; explicitFileType = undefined; includeInIndex = 0; };
		F4AFAE894A1847E89379A5BD /* SocketIOClient.swift */ = {isa = PBXFileReference; name = "SocketIOClient.swift"; path = "cordova-hot-code-push-local-dev-addon/SocketIOClientSwift/SocketIOClient.swift"; sourceTree = "<group>"; fileEncoding = 4; lastKnownFileType = sourcecode.swift; explicitFileType = undefined; includeInIndex = 0; };
		EA20C86E0F7A425C921CA83C /* SocketIOClientConfiguration.swift */ = {isa = PBXFileReference; name = "SocketIOClientConfiguration.swift"; path = "cordova-hot-code-push-local-dev-addon/SocketIOClientSwift/SocketIOClientConfiguration.swift"; sourceTree = "<group>"; fileEncoding = 4; lastKnownFileType = sourcecode.swift; explicitFileType = undefined; includeInIndex = 0; };
		FF2A97F700284C48A8E384E2 /* SocketIOClientOption.swift */ = {isa = PBXFileReference; name = "SocketIOClientOption.swift"; path = "cordova-hot-code-push-local-dev-addon/SocketIOClientSwift/SocketIOClientOption.swift"; sourceTree = "<group>"; fileEncoding = 4; lastKnownFileType = sourcecode.swift; explicitFileType = undefined; includeInIndex = 0; };
		D00D8AAD6C084D7580393815 /* SocketIOClientSpec.swift */ = {isa = PBXFileReference; name = "SocketIOClientSpec.swift"; path = "cordova-hot-code-push-local-dev-addon/SocketIOClientSwift/SocketIOClientSpec.swift"; sourceTree = "<group>"; fileEncoding = 4; lastKnownFileType = sourcecode.swift; explicitFileType = undefined; includeInIndex = 0; };
		D3B74BE8B03E4A0A91D3EEFD /* SocketIOClientStatus.swift */ = {isa = PBXFileReference; name = "SocketIOClientStatus.swift"; path = "cordova-hot-code-push-local-dev-addon/SocketIOClientSwift/SocketIOClientStatus.swift"; sourceTree = "<group>"; fileEncoding = 4; lastKnownFileType = sourcecode.swift; explicitFileType = undefined; includeInIndex = 0; };
		D67AF0524FD649F69B0C691C /* SocketLogger.swift */ = {isa = PBXFileReference; name = "SocketLogger.swift"; path = "cordova-hot-code-push-local-dev-addon/SocketIOClientSwift/SocketLogger.swift"; sourceTree = "<group>"; fileEncoding = 4; lastKnownFileType = sourcecode.swift; explicitFileType = undefined; includeInIndex = 0; };
		52ED8262F5DD419A8CBA7FEC /* SocketPacket.swift */ = {isa = PBXFileReference; name = "SocketPacket.swift"; path = "cordova-hot-code-push-local-dev-addon/SocketIOClientSwift/SocketPacket.swift"; sourceTree = "<group>"; fileEncoding = 4; lastKnownFileType = sourcecode.swift; explicitFileType = undefined; includeInIndex = 0; };
		105C09153CA4436DA4E3A3EA /* SocketParsable.swift */ = {isa = PBXFileReference; name = "SocketParsable.swift"; path = "cordova-hot-code-push-local-dev-addon/SocketIOClientSwift/SocketParsable.swift"; sourceTree = "<group>"; fileEncoding = 4; lastKnownFileType = sourcecode.swift; explicitFileType = undefined; includeInIndex = 0; };
		07719141FB01458B9D9546BD /* SocketStringReader.swift */ = {isa = PBXFileReference; name = "SocketStringReader.swift"; path = "cordova-hot-code-push-local-dev-addon/SocketIOClientSwift/SocketStringReader.swift"; sourceTree = "<group>"; fileEncoding = 4; lastKnownFileType = sourcecode.swift; explicitFileType = undefined; includeInIndex = 0; };
		3BEBB581F2384FBCAA503B0D /* SocketTypes.swift */ = {isa = PBXFileReference; name = "SocketTypes.swift"; path = "cordova-hot-code-push-local-dev-addon/SocketIOClientSwift/SocketTypes.swift"; sourceTree = "<group>"; fileEncoding = 4; lastKnownFileType = sourcecode.swift; explicitFileType = undefined; includeInIndex = 0; };
		51B5E184C8F6454F91441F9D /* SSLSecurity.swift */ = {isa = PBXFileReference; name = "SSLSecurity.swift"; path = "cordova-hot-code-push-local-dev-addon/SocketIOClientSwift/SSLSecurity.swift"; sourceTree = "<group>"; fileEncoding = 4; lastKnownFileType = sourcecode.swift; explicitFileType = undefined; includeInIndex = 0; };
		10204B4ED7A3448BA634DD65 /* WebSocket.swift */ = {isa = PBXFileReference; name = "WebSocket.swift"; path = "cordova-hot-code-push-local-dev-addon/SocketIOClientSwift/WebSocket.swift"; sourceTree = "<group>"; fileEncoding = 4; lastKnownFileType = sourcecode.swift; explicitFileType = undefined; includeInIndex = 0; };
		62CC97668E564B8B9E4EA28C /* HCPLDPlugin.h */ = {isa = PBXFileReference; name = "HCPLDPlugin.h"; path = "cordova-hot-code-push-local-dev-addon/HCPLDPlugin.h"; sourceTree = "<group>"; fileEncoding = 4; lastKnownFileType = sourcecode.c.h; explicitFileType = undefined; includeInIndex = 0; };
		1F5F1F0294FB4B66B039663C /* HCPLDOptions.h */ = {isa = PBXFileReference; name = "HCPLDOptions.h"; path = "cordova-hot-code-push-local-dev-addon/Config/HCPLDOptions.h"; sourceTree = "<group>"; fileEncoding = 4; lastKnownFileType = sourcecode.c.h; explicitFileType = undefined; includeInIndex = 0; };
		F209581590C04E53B09B6707 /* HCPLDXmlConfig.h */ = {isa = PBXFileReference; name = "HCPLDXmlConfig.h"; path = "cordova-hot-code-push-local-dev-addon/Config/HCPLDXmlConfig.h"; sourceTree = "<group>"; fileEncoding = 4; lastKnownFileType = sourcecode.c.h; explicitFileType = undefined; includeInIndex = 0; };
		998EE1EE1A9949218092A222 /* HCPLDXmlConfigParser.h */ = {isa = PBXFileReference; name = "HCPLDXmlConfigParser.h"; path = "cordova-hot-code-push-local-dev-addon/Config/HCPLDXmlConfigParser.h"; sourceTree = "<group>"; fileEncoding = 4; lastKnownFileType = sourcecode.c.h; explicitFileType = undefined; includeInIndex = 0; };
		3320A55152C8470ABAA0BA2E /* HCPLDXmlTags.h */ = {isa = PBXFileReference; name = "HCPLDXmlTags.h"; path = "cordova-hot-code-push-local-dev-addon/Config/HCPLDXmlTags.h"; sourceTree = "<group>"; fileEncoding = 4; lastKnownFileType = sourcecode.c.h; explicitFileType = undefined; includeInIndex = 0; };
/* End PBXFileReference section */

/* Begin PBXFrameworksBuildPhase section */
		1D60588F0D05DD3D006BFB54 /* Frameworks */ = {
			isa = PBXFrameworksBuildPhase;
			buildActionMask = 2147483647;
			files = (
				301BF552109A68D80062928A /* libCordova.a in Frameworks */,
			);
			runOnlyForDeploymentPostprocessing = 0;
		};
/* End PBXFrameworksBuildPhase section */

/* Begin PBXGroup section */
		080E96DDFE201D6D7F000001 /* Classes */ = {
			isa = PBXGroup;
			children = (
				302D95EE14D2391D003F00A1 /* MainViewController.h */,
				302D95EF14D2391D003F00A1 /* MainViewController.m */,
				302D95F014D2391D003F00A1 /* MainViewController.xib */,
				1D3623240D0F684500981E51 /* AppDelegate.h */,
				1D3623250D0F684500981E51 /* AppDelegate.m */,
			);
			name = Classes;
			path = "Broker/Classes";
			sourceTree = SOURCE_ROOT;
		};
		19C28FACFE9D520D11CA2CBB /* Products */ = {
			isa = PBXGroup;
			children = (
				1D6058910D05DD3D006BFB54 /* Broker.app */,
			);
			name = Products;
			sourceTree = "<group>";
		};
		29B97314FDCFA39411CA2CEA /* CustomTemplate */ = {
			isa = PBXGroup;
			children = (
				EB87FDF41871DAF40020F90C /* config.xml */,
				EB87FDF31871DA8E0020F90C /* www */,
				EB87FDF11871DA420020F90C /* Staging */,
				301BF52D109A57CC0062928A /* CordovaLib.xcodeproj */,
				080E96DDFE201D6D7F000001 /* Classes */,
				307C750510C5A3420062BCA9 /* Plugins */,
				29B97315FDCFA39411CA2CEA /* Other Sources */,
				29B97317FDCFA39411CA2CEA /* Resources */,
				29B97323FDCFA39411CA2CEA /* Frameworks */,
				19C28FACFE9D520D11CA2CBB /* Products */,
			);
			name = CustomTemplate;
			sourceTree = "<group>";
		};
		29B97315FDCFA39411CA2CEA /* Other Sources */ = {
			isa = PBXGroup;
			children = (
				32CA4F630368D1EE00C91783 /* Broker-Prefix.pch */,
				29B97316FDCFA39411CA2CEA /* main.m */,
				ED33DF2A687741AEAF9F8254 /* Bridging-Header.h */,
			);
			name = "Other Sources";
			path = "Broker";
			sourceTree = "<group>";
		};
		29B97317FDCFA39411CA2CEA /* Resources */ = {
			isa = PBXGroup;
			children = (
				0207DA571B56EA530066E2B4 /* Images.xcassets */,
				3047A50E1AB8057F00498E2A /* config */,
				8D1107310486CEB800E47090 /* Broker-Info.plist */,
				6AFF5BF81D6E424B00AB3073 /* CDVLaunchScreen.storyboard */,
			);
			name = Resources;
			path = "Broker/Resources";
			sourceTree = "<group>";
		};
		29B97323FDCFA39411CA2CEA /* Frameworks */ = {
			isa = PBXGroup;
			children = (
			);
			name = Frameworks;
			sourceTree = "<group>";
		};
		301BF52E109A57CC0062928A /* Products */ = {
			isa = PBXGroup;
			children = (
				301BF535109A57CC0062928A /* libCordova.a */,
			);
			name = Products;
			sourceTree = "<group>";
		};
		3047A50E1AB8057F00498E2A /* config */ = {
			isa = PBXGroup;
			children = (
				3047A50F1AB8059700498E2A /* build-debug.xcconfig */,
				3047A5101AB8059700498E2A /* build-release.xcconfig */,
				3047A5111AB8059700498E2A /* build.xcconfig */,
			);
			name = config;
			sourceTree = "<group>";
		};
		307C750510C5A3420062BCA9 /* Plugins */ = {
			isa = PBXGroup;
			children = (
				3F4EA29F8C084619A4B98A85 /* HCPPlugin.m */,
				2F04F1E4517A4549A01F7488 /* HCPApplicationConfig.m */,
				2494F73AD87341AFA7FD8312 /* HCPContentConfig.m */,
				EF61623FDF3A402F96673E36 /* HCPContentManifest.m */,
				32147BBDA00A4E0E9BB80E1A /* HCPPluginInternalPreferences.m */,
				47F80C7C65F9415C91AB15E7 /* HCPXmlConfig.m */,
				2C538416E75F419DADEBA92D /* HCPXmlTags.m */,
				C3E0DF07F09C408FB426C1C5 /* HCPXmlConfigParser.m */,
				6DA0B7955CA643159DC75D9D /* HCPEvents.m */,
				C8F1FE0EE8544A7B93357635 /* CDVPluginResult+HCPEvents.m */,
				0F0829C4B3AE4F148AF9265C /* HCPFilesStructure.m */,
				DCC1834B650B470DA08B5518 /* HCPManifestDiff.m */,
				AACF738D42A34F30BC8A762B /* HCPManifestFile.m */,
				06F41026202F436B966C9F71 /* HCPFileDownloader.m */,
				DA8DE83EDD4E4DB0B23E99B9 /* HCPDataDownloader.m */,
				0464330720714A7C82D9759F /* HCPApplicationConfigStorage.m */,
				9CCD155F6C4E44BEB175034C /* HCPConfigStorageImpl.m */,
				C2469A1283B441729F3537E2 /* HCPContentManifestStorage.m */,
				B040BA5F540645FFA2AABC7B /* HCPPluginInternalPreferences+UserDefaults.m */,
				93FCFA35D81940048F7AC563 /* HCPFetchUpdateOptions.m */,
				ADA8E7779ED7412893327558 /* HCPInstallationWorker.m */,
				EC82E7402FB14CD6B1382686 /* HCPUpdateInstaller.m */,
				1CD941D3BC0A4343BD860C60 /* HCPUpdateLoader.m */,
				C74E956E50694B3394A81286 /* HCPUpdateLoaderWorker.m */,
				3FA667DF7ED945A387C5E192 /* HCPUpdateRequest.m */,
				A5D57BD12D3242768A27226A /* HCPCleanupHelper.m */,
				EDC936C102C04602B8012F26 /* NSBundle+HCPExtension.m */,
				844614C213F34715BE5F5580 /* NSData+HCPMD5.m */,
				3F27D07D2D384A54AC5F2192 /* NSError+HCPExtension.m */,
				F1D0030516CC47A29E2E913E /* NSFileManager+HCPExtension.m */,
				2C4C24CE0A72404D8E3DDDD7 /* NSJSONSerialization+HCPExtension.m */,
				20F22E4814CB4353B45CC61C /* HCPAppUpdateRequestAlertDialog.m */,
				9515632EADA34933B165A57C /* HCPAssetsFolderHelper.m */,
				1E4D3B019DC34295B128F2AD /* CDVWKWebViewEngine+HCPPlugin_ReadAccessURL.m */,
				D276C184A6B84E049AF58946 /* HCPPlugin.h */,
				94F215DA3B2C4A9FA17BB7C3 /* HCPApplicationConfig.h */,
				DAB6E7A3E9324139918DADED /* HCPContentConfig.h */,
				BFC67553551A48E0AD3E035D /* HCPContentManifest.h */,
				BB3E4707DD6E4E13AFDCEA26 /* HCPPluginInternalPreferences.h */,
				5023E47CFC5943198E2C3AE6 /* HCPXmlConfig.h */,
				CD965F1593EE44D69AE8E270 /* HCPXmlTags.h */,
				07097046DC164D0B8DCDF311 /* HCPXmlConfigParser.h */,
				9462C4F65AAB4BA0970509BF /* HCPEvents.h */,
				C56BC961D45144B4A7FC9794 /* CDVPluginResult+HCPEvents.h */,
				2CBDEC92D1704BD3A2B29C30 /* HCPFilesStructure.h */,
				562A6E39AA324CCCAA66F85A /* HCPJsonConvertable.h */,
				4B1B36A187CB4D24BF407F35 /* HCPManifestDiff.h */,
				597EF3DE05994087883DEAE2 /* HCPManifestFile.h */,
				1BFE80512D0443C39BEE3CC8 /* HCPFileDownloader.h */,
				C38CA19BABDC43FD92C38FEC /* HCPDataDownloader.h */,
				E462C233F64D4B93BD7ACAE2 /* HCPApplicationConfigStorage.h */,
				3F299BCB4E724EA6813F5E8F /* HCPConfigFileStorage.h */,
				BD4AA06196024905B919CA77 /* HCPConfigStorageImpl.h */,
				30D2D78AB9C44039A21BA495 /* HCPContentManifestStorage.h */,
				C4915F25B1D34C7E80FC922E /* HCPPluginInternalPreferences+UserDefaults.h */,
				E8A866A87E234C8AA1439CA8 /* HCPFetchUpdateOptions.h */,
				3A5A8C0690AF4F96A1E73173 /* HCPInstallationWorker.h */,
				C3A7B9C09DB5459E8E74B645 /* HCPUpdateInstaller.h */,
				E2D372D2D3984EB3983E416C /* HCPUpdateLoader.h */,
				84ED904AA3884E2AB10BD189 /* HCPUpdateLoaderWorker.h */,
				2F9D85141CB1474E9B817B50 /* HCPUpdateRequest.h */,
				9C3A8A021B784E648E7AA7AA /* HCPWorker.h */,
				A950303A28B54A0F98CB5E7A /* HCPCleanupHelper.h */,
				13BC2C14736D45C4A6832BA4 /* NSBundle+HCPExtension.h */,
				BB2CC431CC684775B8C53D52 /* NSData+HCPMD5.h */,
				631B6F8C6876481CBA686DD3 /* NSError+HCPExtension.h */,
				F994149650884655B3F6CD45 /* NSFileManager+HCPExtension.h */,
				18B6C20498624BB2B47C6414 /* NSJSONSerialization+HCPExtension.h */,
				0FEB1EEB93DD4C4C87C4F5AC /* HCPAppUpdateRequestAlertDialog.h */,
				E58A3CC13DE4422B9AD0BC4D /* HCPAssetsFolderHelper.h */,
				BE5FE999C3A4437EA5245A97 /* CDVWKWebViewEngine+HCPPlugin_ReadAccessURL.h */,
				1E777FCB30584CBCA04C19E8 /* HCPLDPlugin.m */,
				C3B3312768F24370A9A23DF9 /* HCPLDOptions.m */,
				37719028D0944169A67AE153 /* HCPLDXmlConfig.m */,
				3C5E59E17714444FA4446B34 /* HCPLDXmlConfigParser.m */,
				6D7679E5F6504650BCC88D29 /* HCPLDXmlTags.m */,
				9F9CC13AC7FA43D88E066716 /* SocketAckEmitter.swift */,
				375AA090DF434C0F95DB0AC4 /* SocketAckManager.swift */,
				483BF94F82794C428E2B5B3D /* SocketAnyEvent.swift */,
				4924036E3AE3465D93D53C1E /* SocketClientManager.swift */,
				97FCC8A953D644AD98E22049 /* SocketEngine.swift */,
				522D2C056D5642F3B3F45BA3 /* SocketEngineClient.swift */,
				29D9425694394DC888EA03A3 /* SocketEnginePacketType.swift */,
				9CDF0A12E17645D1A69BE654 /* SocketEnginePollable.swift */,
				C04BCCF0C5C741CF835CCB67 /* SocketEngineSpec.swift */,
				7C662987CDDB499383DD30D4 /* SocketEngineWebsocket.swift */,
				A34623890F9C4A6E98005D95 /* SocketEventHandler.swift */,
				12050BC18E7845F2915024AB /* SocketExtensions.swift */,
				F4AFAE894A1847E89379A5BD /* SocketIOClient.swift */,
				EA20C86E0F7A425C921CA83C /* SocketIOClientConfiguration.swift */,
				FF2A97F700284C48A8E384E2 /* SocketIOClientOption.swift */,
				D00D8AAD6C084D7580393815 /* SocketIOClientSpec.swift */,
				D3B74BE8B03E4A0A91D3EEFD /* SocketIOClientStatus.swift */,
				D67AF0524FD649F69B0C691C /* SocketLogger.swift */,
				52ED8262F5DD419A8CBA7FEC /* SocketPacket.swift */,
				105C09153CA4436DA4E3A3EA /* SocketParsable.swift */,
				07719141FB01458B9D9546BD /* SocketStringReader.swift */,
				3BEBB581F2384FBCAA503B0D /* SocketTypes.swift */,
				51B5E184C8F6454F91441F9D /* SSLSecurity.swift */,
				10204B4ED7A3448BA634DD65 /* WebSocket.swift */,
				62CC97668E564B8B9E4EA28C /* HCPLDPlugin.h */,
				1F5F1F0294FB4B66B039663C /* HCPLDOptions.h */,
				F209581590C04E53B09B6707 /* HCPLDXmlConfig.h */,
				998EE1EE1A9949218092A222 /* HCPLDXmlConfigParser.h */,
				3320A55152C8470ABAA0BA2E /* HCPLDXmlTags.h */,
			);
			name = Plugins;
			path = "Broker/Plugins";
			sourceTree = SOURCE_ROOT;
		};
		EB87FDF11871DA420020F90C /* Staging */ = {
			isa = PBXGroup;
			children = (
				F840E1F0165FE0F500CFE078 /* config.xml */,
				301BF56E109A69640062928A /* www */,
			);
			name = Staging;
			sourceTree = "<group>";
		};
/* End PBXGroup section */

/* Begin PBXNativeTarget section */
		1D6058900D05DD3D006BFB54 /* Broker */ = {
			isa = PBXNativeTarget;
			buildConfigurationList = 1D6058960D05DD3E006BFB54 /* Build configuration list for PBXNativeTarget "Broker" */;
			buildPhases = (
				304B58A110DAC018002A0835 /* Copy www directory */,
				1D60588D0D05DD3D006BFB54 /* Resources */,
				1D60588E0D05DD3D006BFB54 /* Sources */,
				1D60588F0D05DD3D006BFB54 /* Frameworks */,
			);
			buildRules = (
			);
			dependencies = (
				301BF551109A68C00062928A /* PBXTargetDependency */,
			);
			name = "Broker";
			productName = "Broker";
			productReference = 1D6058910D05DD3D006BFB54 /* Broker.app */;
			productType = "com.apple.product-type.application";
		};
/* End PBXNativeTarget section */

/* Begin PBXProject section */
		29B97313FDCFA39411CA2CEA /* Project object */ = {
			isa = PBXProject;
			attributes = {
				LastUpgradeCheck = 510;
			};
			buildConfigurationList = C01FCF4E08A954540054247B /* Build configuration list for PBXProject "__NON-CLI__" */;
			compatibilityVersion = "Xcode 3.2";
			developmentRegion = English;
			hasScannedForEncodings = 1;
			mainGroup = 29B97314FDCFA39411CA2CEA /* CustomTemplate */;
			projectDirPath = "";
			projectReferences = (
				{
					ProductGroup = 301BF52E109A57CC0062928A /* Products */;
					ProjectRef = 301BF52D109A57CC0062928A /* CordovaLib.xcodeproj */;
				},
			);
			projectRoot = "";
			targets = (
				1D6058900D05DD3D006BFB54 /* Broker */,
			);
		};
/* End PBXProject section */

/* Begin PBXReferenceProxy section */
		301BF535109A57CC0062928A /* libCordova.a */ = {
			isa = PBXReferenceProxy;
			fileType = archive.ar;
			path = libCordova.a;
			remoteRef = 301BF534109A57CC0062928A /* PBXContainerItemProxy */;
			sourceTree = BUILT_PRODUCTS_DIR;
		};
/* End PBXReferenceProxy section */

/* Begin PBXResourcesBuildPhase section */
		1D60588D0D05DD3D006BFB54 /* Resources */ = {
			isa = PBXResourcesBuildPhase;
			buildActionMask = 2147483647;
			files = (
				302D95F214D2391D003F00A1 /* MainViewController.xib in Resources */,
				0207DA581B56EA530066E2B4 /* Images.xcassets in Resources */,
				6AFF5BF91D6E424B00AB3073 /* CDVLaunchScreen.storyboard in Resources */,
			);
			runOnlyForDeploymentPostprocessing = 0;
		};
/* End PBXResourcesBuildPhase section */

/* Begin PBXShellScriptBuildPhase section */
		304B58A110DAC018002A0835 /* Copy www directory */ = {
			isa = PBXShellScriptBuildPhase;
			buildActionMask = 2147483647;
			files = (
			);
			inputPaths = (
			);
			name = "Copy www directory";
			outputPaths = (
			);
			runOnlyForDeploymentPostprocessing = 0;
			shellPath = /bin/sh;
			shellScript = "NODEJS_PATH=/usr/local/bin; NVM_NODE_PATH=~/.nvm/versions/node/`nvm version 2>/dev/null`/bin; N_NODE_PATH=`find /usr/local/n/versions/node/* -maxdepth 0 -type d 2>/dev/null | tail -1`/bin; XCODE_NODE_PATH=`xcode-select --print-path`/usr/share/xcs/Node/bin; PATH=$NODEJS_PATH:$NVM_NODE_PATH:$N_NODE_PATH:$XCODE_NODE_PATH:$PATH && node cordova/lib/copy-www-build-step.js";
			showEnvVarsInLog = 0;
		};
/* End PBXShellScriptBuildPhase section */

/* Begin PBXSourcesBuildPhase section */
		1D60588E0D05DD3D006BFB54 /* Sources */ = {
			isa = PBXSourcesBuildPhase;
			buildActionMask = 2147483647;
			files = (
				1D60589B0D05DD56006BFB54 /* main.m in Sources */,
				1D3623260D0F684500981E51 /* AppDelegate.m in Sources */,
				302D95F114D2391D003F00A1 /* MainViewController.m in Sources */,
				C7037E4C58B44624A2F15760 /* HCPPlugin.m in Sources */,
				B6278DB0647F448B8CDD006D /* HCPApplicationConfig.m in Sources */,
				3FD7B2A4F02943A2BD025B31 /* HCPContentConfig.m in Sources */,
				EEE556C873A043D1845B7275 /* HCPContentManifest.m in Sources */,
				907CE20F6B5D4D1B91CCBD2D /* HCPPluginInternalPreferences.m in Sources */,
				652990E5E98C4C95B77E258B /* HCPXmlConfig.m in Sources */,
				9B1FBB2018D141DF95B43F04 /* HCPXmlTags.m in Sources */,
				57A7A670E204493AB557D2E1 /* HCPXmlConfigParser.m in Sources */,
				774A5AEFB51D4995BB4B46FE /* HCPEvents.m in Sources */,
				C4628ECEA69C49899CB6244F /* CDVPluginResult+HCPEvents.m in Sources */,
				7D4B31066EAA4CEE8D785692 /* HCPFilesStructure.m in Sources */,
				33CA1B9069A44C6D8DAE1127 /* HCPManifestDiff.m in Sources */,
				B86DAF44F886479F891104B7 /* HCPManifestFile.m in Sources */,
				9D7E60864DB74C26B1723021 /* HCPFileDownloader.m in Sources */,
				ABB659083B184F79814A9B10 /* HCPDataDownloader.m in Sources */,
				0A59D3FAC99146778FF39B18 /* HCPApplicationConfigStorage.m in Sources */,
				234BEF4F7EA3463BA6B509B0 /* HCPConfigStorageImpl.m in Sources */,
				6AEC405F9AF94B9A8BDDEFD5 /* HCPContentManifestStorage.m in Sources */,
				E1B17DBC18204FCC99125476 /* HCPPluginInternalPreferences+UserDefaults.m in Sources */,
				FE38EE86A39946EA8EFF6FE2 /* HCPFetchUpdateOptions.m in Sources */,
				595C4443D21C4B88860AF6FB /* HCPInstallationWorker.m in Sources */,
				4C721A6D8B334886A60B58F4 /* HCPUpdateInstaller.m in Sources */,
				CE2C2BFB858E4504A8D6D0DE /* HCPUpdateLoader.m in Sources */,
				98A280D437A14AE79DC513D5 /* HCPUpdateLoaderWorker.m in Sources */,
				CE9ECF10FEB04F999B50E0AE /* HCPUpdateRequest.m in Sources */,
				2FBE97B04C3341A28E5859FF /* HCPCleanupHelper.m in Sources */,
				33AD1071A72B4DEFBC89A74E /* NSBundle+HCPExtension.m in Sources */,
				E887461B223744DD9618EBEB /* NSData+HCPMD5.m in Sources */,
				0EC75AE0FA684E2F98E6245F /* NSError+HCPExtension.m in Sources */,
				C2245E177FA24C75AE2E84D5 /* NSFileManager+HCPExtension.m in Sources */,
				D2F67D344CAA433B93ACF9A6 /* NSJSONSerialization+HCPExtension.m in Sources */,
				A29EF1A6F58046529D11D4F7 /* HCPAppUpdateRequestAlertDialog.m in Sources */,
				D7292651A6914EE4A4C0E80B /* HCPAssetsFolderHelper.m in Sources */,
				C163CB78C0104E5CBB5BB149 /* CDVWKWebViewEngine+HCPPlugin_ReadAccessURL.m in Sources */,
				29443F68D67648189ADF3637 /* HCPLDPlugin.m in Sources */,
				63A188BC2BB841BAADB16C68 /* HCPLDOptions.m in Sources */,
				9F01FD9E94F24206BEB8AB77 /* HCPLDXmlConfig.m in Sources */,
				39C3241D1B5C4933A517C939 /* HCPLDXmlConfigParser.m in Sources */,
				6B9A939E37A14245B5A92FC5 /* HCPLDXmlTags.m in Sources */,
				35C1CC3BACA3476EA6616669 /* SocketAckEmitter.swift in Sources */,
				CE8546D643CE4451B9C49B98 /* SocketAckManager.swift in Sources */,
				AFA98CAD63DC455DB2758EC5 /* SocketAnyEvent.swift in Sources */,
				0C739203696246F6BAE21962 /* SocketClientManager.swift in Sources */,
				3C95B705CF79464F95AD49DA /* SocketEngine.swift in Sources */,
				112D2C2B73C444F48AAE4431 /* SocketEngineClient.swift in Sources */,
				2A091240D85049AAB1EFB8CD /* SocketEnginePacketType.swift in Sources */,
				D8F71C1BDEB04F478AB1997C /* SocketEnginePollable.swift in Sources */,
				91DF1E50DBCB40D593EEB0BA /* SocketEngineSpec.swift in Sources */,
				B416868444DE42B4B8FEF3A0 /* SocketEngineWebsocket.swift in Sources */,
				F558CC2EFB924ED1AE79F083 /* SocketEventHandler.swift in Sources */,
				9721BD1C0E774D54AF5F9C5B /* SocketExtensions.swift in Sources */,
				926A9FFD17D24871B13C17DA /* SocketIOClient.swift in Sources */,
				044083F0C6184FA7911487CF /* SocketIOClientConfiguration.swift in Sources */,
				F03C92FC32D445FCAF7E0100 /* SocketIOClientOption.swift in Sources */,
				F42E24B112494FDCB53CA7C0 /* SocketIOClientSpec.swift in Sources */,
				7AB2A9CEBB29417C85636583 /* SocketIOClientStatus.swift in Sources */,
				FC0C68E82301421FAA4AF51F /* SocketLogger.swift in Sources */,
				60503122FCC740F198C95621 /* SocketPacket.swift in Sources */,
				7168085A805B4C318E7AA3C0 /* SocketParsable.swift in Sources */,
				0A2793AD5C4249E18651E8E2 /* SocketStringReader.swift in Sources */,
				225A8BCE35D5418BB6910C36 /* SocketTypes.swift in Sources */,
				D85F5EF2B4CD43F5B0461D52 /* SSLSecurity.swift in Sources */,
				F2679F020D1B48D486CBD6F5 /* WebSocket.swift in Sources */,
			);
			runOnlyForDeploymentPostprocessing = 0;
		};
/* End PBXSourcesBuildPhase section */

/* Begin PBXTargetDependency section */
		301BF551109A68C00062928A /* PBXTargetDependency */ = {
			isa = PBXTargetDependency;
			name = CordovaLib;
			targetProxy = 301BF550109A68C00062928A /* PBXContainerItemProxy */;
		};
/* End PBXTargetDependency section */

/* Begin XCBuildConfiguration section */
		1D6058940D05DD3E006BFB54 /* Debug */ = {
			isa = XCBuildConfiguration;
			baseConfigurationReference = 3047A50F1AB8059700498E2A /* build-debug.xcconfig */;
			buildSettings = {
				ALWAYS_SEARCH_USER_PATHS = NO;
				ASSETCATALOG_COMPILER_APPICON_NAME = AppIcon;
				ASSETCATALOG_COMPILER_LAUNCHIMAGE_NAME = LaunchImage;
				CLANG_ENABLE_MODULES = YES;
				CLANG_ENABLE_OBJC_ARC = YES;
				COPY_PHASE_STRIP = NO;
				GCC_DYNAMIC_NO_PIC = NO;
				GCC_OPTIMIZATION_LEVEL = 0;
				GCC_PRECOMPILE_PREFIX_HEADER = YES;
				GCC_PREFIX_HEADER = "Broker/Broker-Prefix.pch";
				GCC_THUMB_SUPPORT = NO;
				GCC_VERSION = "";
				INFOPLIST_FILE = "Broker/Broker-Info.plist";
				IPHONEOS_DEPLOYMENT_TARGET = 9.0;
				LD_RUNPATH_SEARCH_PATHS = "@executable_path/Frameworks";
				TARGETED_DEVICE_FAMILY = "1,2";
				PRODUCT_NAME = "Broker";
			};
			name = Debug;
		};
		1D6058950D05DD3E006BFB54 /* Release */ = {
			isa = XCBuildConfiguration;
			baseConfigurationReference = 3047A5101AB8059700498E2A /* build-release.xcconfig */;
			buildSettings = {
				ALWAYS_SEARCH_USER_PATHS = NO;
				ASSETCATALOG_COMPILER_APPICON_NAME = AppIcon;
				ASSETCATALOG_COMPILER_LAUNCHIMAGE_NAME = LaunchImage;
				CLANG_ENABLE_MODULES = YES;
				CLANG_ENABLE_OBJC_ARC = YES;
				COPY_PHASE_STRIP = YES;
				GCC_PRECOMPILE_PREFIX_HEADER = YES;
				GCC_PREFIX_HEADER = "Broker/Broker-Prefix.pch";
				GCC_THUMB_SUPPORT = NO;
				GCC_VERSION = "";
				INFOPLIST_FILE = "Broker/Broker-Info.plist";
				IPHONEOS_DEPLOYMENT_TARGET = 9.0;
				LD_RUNPATH_SEARCH_PATHS = "@executable_path/Frameworks";
				TARGETED_DEVICE_FAMILY = "1,2";
				PRODUCT_NAME = "Broker";
			};
			name = Release;
		};
		C01FCF4F08A954540054247B /* Debug */ = {
			isa = XCBuildConfiguration;
			baseConfigurationReference = 3047A5111AB8059700498E2A /* build.xcconfig */;
			buildSettings = {
				CLANG_ENABLE_MODULES = YES;
				CLANG_ENABLE_OBJC_ARC = YES;
				CLANG_WARN_BOOL_CONVERSION = YES;
				CLANG_WARN_CONSTANT_CONVERSION = YES;
				CLANG_WARN_EMPTY_BODY = YES;
				CLANG_WARN_ENUM_CONVERSION = YES;
				CLANG_WARN_INT_CONVERSION = YES;
				CLANG_WARN__DUPLICATE_METHOD_MATCH = YES;
				GCC_C_LANGUAGE_STANDARD = c99;
				GCC_THUMB_SUPPORT = NO;
				GCC_VERSION = "";
				GCC_WARN_ABOUT_RETURN_TYPE = YES;
				GCC_WARN_UNDECLARED_SELECTOR = YES;
				GCC_WARN_UNINITIALIZED_AUTOS = YES;
				GCC_WARN_UNUSED_FUNCTION = YES;
				GCC_WARN_UNUSED_VARIABLE = YES;
				ONLY_ACTIVE_ARCH = YES;
				SDKROOT = iphoneos;
				SKIP_INSTALL = NO;
			};
			name = Debug;
		};
		C01FCF5008A954540054247B /* Release */ = {
			isa = XCBuildConfiguration;
			baseConfigurationReference = 3047A5111AB8059700498E2A /* build.xcconfig */;
			buildSettings = {
				CLANG_ENABLE_MODULES = YES;
				CLANG_ENABLE_OBJC_ARC = YES;
				CLANG_WARN_BOOL_CONVERSION = YES;
				CLANG_WARN_CONSTANT_CONVERSION = YES;
				CLANG_WARN_EMPTY_BODY = YES;
				CLANG_WARN_ENUM_CONVERSION = YES;
				CLANG_WARN_INT_CONVERSION = YES;
				CLANG_WARN__DUPLICATE_METHOD_MATCH = YES;
				GCC_C_LANGUAGE_STANDARD = c99;
				GCC_THUMB_SUPPORT = NO;
				GCC_VERSION = "";
				GCC_WARN_ABOUT_RETURN_TYPE = YES;
				GCC_WARN_UNDECLARED_SELECTOR = YES;
				GCC_WARN_UNINITIALIZED_AUTOS = YES;
				GCC_WARN_UNUSED_FUNCTION = YES;
				GCC_WARN_UNUSED_VARIABLE = YES;
				SDKROOT = iphoneos;
				SKIP_INSTALL = NO;
			};
			name = Release;
		};
/* End XCBuildConfiguration section */

/* Begin XCConfigurationList section */
		1D6058960D05DD3E006BFB54 /* Build configuration list for PBXNativeTarget "Broker" */ = {
			isa = XCConfigurationList;
			buildConfigurations = (
				1D6058940D05DD3E006BFB54 /* Debug */,
				1D6058950D05DD3E006BFB54 /* Release */,
			);
			defaultConfigurationIsVisible = 0;
			defaultConfigurationName = Release;
		};
		C01FCF4E08A954540054247B /* Build configuration list for PBXProject "__NON-CLI__" */ = {
			isa = XCConfigurationList;
			buildConfigurations = (
				C01FCF4F08A954540054247B /* Debug */,
				C01FCF5008A954540054247B /* Release */,
			);
			defaultConfigurationIsVisible = 0;
			defaultConfigurationName = Release;
		};
/* End XCConfigurationList section */
	};
	rootObject = 29B97313FDCFA39411CA2CEA /* Project object */;
}
